# Generated by pub - bumblebee selftest fixture
packages:
  bumblebee_selftest_evil:
    dependency: "direct main"
    description:
      name: bumblebee_selftest_evil
      sha256: "0000000000000000000000000000000000000000000000000000000000000000"
      url: "https://pub.dev"
    source: hosted
    version: "0.0.0"
sdks:
  dart: ">=3.4.0 <4.0.0"
